
Microsoft Visual Studio Solution File, Format Version 12.00
# Visual Studio 15
VisualStudioVersion = 15.0.28307.168
MinimumVisualStudioVersion = 10.0.40219.1
Project("{8BC9CEB8-8B4A-11D0-8D11-00A0C91BC942}") = "05InlineFunctions", "InlineFunctions\InlineFunctions.vcxproj", "{33AC498B-49BD-43D5-9BD9-86C1B69865C7}"
EndProject
Project("{8BC9CEB8-8B4A-11D0-8D11-00A0C91BC942}") = "05OverloadFunctions", "OverloadFunctions\OverloadFunctions.vcxproj", "{C4B47584-D520-42FD-9C1F-BC04D31EACDC}"
EndProject
Project("{8BC9CEB8-8B4A-11D0-8D11-00A0C91BC942}") = "05TemplateFunctions", "TemplateFunctions\TemplateFunctions.vcxproj", "{CE164A15-3435-4D8F-A8EE-924047272805}"
EndProject
Project("{8BC9CEB8-8B4A-11D0-8D11-00A0C91BC942}") = "05ArraySearch", "ArraySearch\ArraySearch.vcxproj", "{9664A8C6-0406-4449-8993-C0BCAEEB4DB7}"
EndProject
Project("{8BC9CEB8-8B4A-11D0-8D11-00A0C91BC942}") = "05SlowSortings", "SlowSortings\SlowSortings.vcxproj", "{B9F2B87A-CC2D-466A-A5F2-6D9CFC581E1B}"
EndProject
Project("{8BC9CEB8-8B4A-11D0-8D11-00A0C91BC942}") = "06Recursion", "Recursion\Recursion.vcxproj", "{45E25DE3-3E28-406B-AD20-6D86E8742FBC}"
EndProject
Project("{8BC9CEB8-8B4A-11D0-8D11-00A0C91BC942}") = "06QuickSort", "QuickSort\QuickSort.vcxproj", "{5B608CD0-7C4A-4D73-B5D3-D81693A0ED35}"
EndProject
Project("{8BC9CEB8-8B4A-11D0-8D11-00A0C91BC942}") = "Pointers", "Pointers\Pointers.vcxproj", "{B6C1CE6A-F99D-4D04-9E94-0DB0FD8BA6CB}"
EndProject
Global
	GlobalSection(SolutionConfigurationPlatforms) = preSolution
		Debug|x64 = Debug|x64
		Debug|x86 = Debug|x86
		Release|x64 = Release|x64
		Release|x86 = Release|x86
	EndGlobalSection
	GlobalSection(ProjectConfigurationPlatforms) = postSolution
		{33AC498B-49BD-43D5-9BD9-86C1B69865C7}.Debug|x64.ActiveCfg = Debug|x64
		{33AC498B-49BD-43D5-9BD9-86C1B69865C7}.Debug|x64.Build.0 = Debug|x64
		{33AC498B-49BD-43D5-9BD9-86C1B69865C7}.Debug|x86.ActiveCfg = Debug|Win32
		{33AC498B-49BD-43D5-9BD9-86C1B69865C7}.Debug|x86.Build.0 = Debug|Win32
		{33AC498B-49BD-43D5-9BD9-86C1B69865C7}.Release|x64.ActiveCfg = Release|x64
		{33AC498B-49BD-43D5-9BD9-86C1B69865C7}.Release|x64.Build.0 = Release|x64
		{33AC498B-49BD-43D5-9BD9-86C1B69865C7}.Release|x86.ActiveCfg = Release|Win32
		{33AC498B-49BD-43D5-9BD9-86C1B69865C7}.Release|x86.Build.0 = Release|Win32
		{C4B47584-D520-42FD-9C1F-BC04D31EACDC}.Debug|x64.ActiveCfg = Debug|x64
		{C4B47584-D520-42FD-9C1F-BC04D31EACDC}.Debug|x64.Build.0 = Debug|x64
		{C4B47584-D520-42FD-9C1F-BC04D31EACDC}.Debug|x86.ActiveCfg = Debug|Win32
		{C4B47584-D520-42FD-9C1F-BC04D31EACDC}.Debug|x86.Build.0 = Debug|Win32
		{C4B47584-D520-42FD-9C1F-BC04D31EACDC}.Release|x64.ActiveCfg = Release|x64
		{C4B47584-D520-42FD-9C1F-BC04D31EACDC}.Release|x64.Build.0 = Release|x64
		{C4B47584-D520-42FD-9C1F-BC04D31EACDC}.Release|x86.ActiveCfg = Release|Win32
		{C4B47584-D520-42FD-9C1F-BC04D31EACDC}.Release|x86.Build.0 = Release|Win32
		{CE164A15-3435-4D8F-A8EE-924047272805}.Debug|x64.ActiveCfg = Debug|x64
		{CE164A15-3435-4D8F-A8EE-924047272805}.Debug|x64.Build.0 = Debug|x64
		{CE164A15-3435-4D8F-A8EE-924047272805}.Debug|x86.ActiveCfg = Debug|Win32
		{CE164A15-3435-4D8F-A8EE-924047272805}.Debug|x86.Build.0 = Debug|Win32
		{CE164A15-3435-4D8F-A8EE-924047272805}.Release|x64.ActiveCfg = Release|x64
		{CE164A15-3435-4D8F-A8EE-924047272805}.Release|x64.Build.0 = Release|x64
		{CE164A15-3435-4D8F-A8EE-924047272805}.Release|x86.ActiveCfg = Release|Win32
		{CE164A15-3435-4D8F-A8EE-924047272805}.Release|x86.Build.0 = Release|Win32
		{9664A8C6-0406-4449-8993-C0BCAEEB4DB7}.Debug|x64.ActiveCfg = Debug|x64
		{9664A8C6-0406-4449-8993-C0BCAEEB4DB7}.Debug|x64.Build.0 = Debug|x64
		{9664A8C6-0406-4449-8993-C0BCAEEB4DB7}.Debug|x86.ActiveCfg = Debug|Win32
		{9664A8C6-0406-4449-8993-C0BCAEEB4DB7}.Debug|x86.Build.0 = Debug|Win32
		{9664A8C6-0406-4449-8993-C0BCAEEB4DB7}.Release|x64.ActiveCfg = Release|x64
		{9664A8C6-0406-4449-8993-C0BCAEEB4DB7}.Release|x64.Build.0 = Release|x64
		{9664A8C6-0406-4449-8993-C0BCAEEB4DB7}.Release|x86.ActiveCfg = Release|Win32
		{9664A8C6-0406-4449-8993-C0BCAEEB4DB7}.Release|x86.Build.0 = Release|Win32
		{B9F2B87A-CC2D-466A-A5F2-6D9CFC581E1B}.Debug|x64.ActiveCfg = Debug|x64
		{B9F2B87A-CC2D-466A-A5F2-6D9CFC581E1B}.Debug|x64.Build.0 = Debug|x64
		{B9F2B87A-CC2D-466A-A5F2-6D9CFC581E1B}.Debug|x86.ActiveCfg = Debug|Win32
		{B9F2B87A-CC2D-466A-A5F2-6D9CFC581E1B}.Debug|x86.Build.0 = Debug|Win32
		{B9F2B87A-CC2D-466A-A5F2-6D9CFC581E1B}.Release|x64.ActiveCfg = Release|x64
		{B9F2B87A-CC2D-466A-A5F2-6D9CFC581E1B}.Release|x64.Build.0 = Release|x64
		{B9F2B87A-CC2D-466A-A5F2-6D9CFC581E1B}.Release|x86.ActiveCfg = Release|Win32
		{B9F2B87A-CC2D-466A-A5F2-6D9CFC581E1B}.Release|x86.Build.0 = Release|Win32
		{45E25DE3-3E28-406B-AD20-6D86E8742FBC}.Debug|x64.ActiveCfg = Debug|x64
		{45E25DE3-3E28-406B-AD20-6D86E8742FBC}.Debug|x64.Build.0 = Debug|x64
		{45E25DE3-3E28-406B-AD20-6D86E8742FBC}.Debug|x86.ActiveCfg = Debug|Win32
		{45E25DE3-3E28-406B-AD20-6D86E8742FBC}.Debug|x86.Build.0 = Debug|Win32
		{45E25DE3-3E28-406B-AD20-6D86E8742FBC}.Release|x64.ActiveCfg = Release|x64
		{45E25DE3-3E28-406B-AD20-6D86E8742FBC}.Release|x64.Build.0 = Release|x64
		{45E25DE3-3E28-406B-AD20-6D86E8742FBC}.Release|x86.ActiveCfg = Release|Win32
		{45E25DE3-3E28-406B-AD20-6D86E8742FBC}.Release|x86.Build.0 = Release|Win32
		{5B608CD0-7C4A-4D73-B5D3-D81693A0ED35}.Debug|x64.ActiveCfg = Debug|x64
		{5B608CD0-7C4A-4D73-B5D3-D81693A0ED35}.Debug|x64.Build.0 = Debug|x64
		{5B608CD0-7C4A-4D73-B5D3-D81693A0ED35}.Debug|x86.ActiveCfg = Debug|Win32
		{5B608CD0-7C4A-4D73-B5D3-D81693A0ED35}.Debug|x86.Build.0 = Debug|Win32
		{5B608CD0-7C4A-4D73-B5D3-D81693A0ED35}.Release|x64.ActiveCfg = Release|x64
		{5B608CD0-7C4A-4D73-B5D3-D81693A0ED35}.Release|x64.Build.0 = Release|x64
		{5B608CD0-7C4A-4D73-B5D3-D81693A0ED35}.Release|x86.ActiveCfg = Release|Win32
		{5B608CD0-7C4A-4D73-B5D3-D81693A0ED35}.Release|x86.Build.0 = Release|Win32
		{B6C1CE6A-F99D-4D04-9E94-0DB0FD8BA6CB}.Debug|x64.ActiveCfg = Debug|x64
		{B6C1CE6A-F99D-4D04-9E94-0DB0FD8BA6CB}.Debug|x64.Build.0 = Debug|x64
		{B6C1CE6A-F99D-4D04-9E94-0DB0FD8BA6CB}.Debug|x86.ActiveCfg = Debug|Win32
		{B6C1CE6A-F99D-4D04-9E94-0DB0FD8BA6CB}.Debug|x86.Build.0 = Debug|Win32
		{B6C1CE6A-F99D-4D04-9E94-0DB0FD8BA6CB}.Release|x64.ActiveCfg = Release|x64
		{B6C1CE6A-F99D-4D04-9E94-0DB0FD8BA6CB}.Release|x64.Build.0 = Release|x64
		{B6C1CE6A-F99D-4D04-9E94-0DB0FD8BA6CB}.Release|x86.ActiveCfg = Release|Win32
		{B6C1CE6A-F99D-4D04-9E94-0DB0FD8BA6CB}.Release|x86.Build.0 = Release|Win32
	EndGlobalSection
	GlobalSection(SolutionProperties) = preSolution
		HideSolutionNode = FALSE
	EndGlobalSection
	GlobalSection(ExtensibilityGlobals) = postSolution
		SolutionGuid = {D79A4D6D-1750-4F39-8903-0035E45C2360}
	EndGlobalSection
EndGlobal
